
Microsoft Visual Studio Solution File, Format Version 12.00
# Visual Studio Version 17
VisualStudioVersion = 17.3.32819.101
MinimumVisualStudioVersion = 10.0.40219.1
Project("{9A19103F-16F7-4668-BE54-9A1E7A4F7556}") = "StudentAdmissionManagementSystem", "StudentAdmissionManagement\StudentAdmissionManagementSystem.csproj", "{3EF13530-D678-4D0D-AEC4-5D06DF043263}"
EndProject
Project("{9A19103F-16F7-4668-BE54-9A1E7A4F7556}") = "StudentAttendanceManagement", "StudentAttendanceManagement\StudentAttendanceManagement.csproj", "{FD352539-0F32-4203-946A-2547D300C767}"
EndProject
Project("{FAE04EC0-301F-11D3-BF4B-00C04F79EFBC}") = "SchoolAPIGateway", "SchoolAPIGateway\SchoolAPIGateway.csproj", "{28BB2628-1481-424A-9BD7-4BB6B63F8C05}"
EndProject
Global
	GlobalSection(SolutionConfigurationPlatforms) = preSolution
		Debug|Any CPU = Debug|Any CPU
		Release|Any CPU = Release|Any CPU
	EndGlobalSection
	GlobalSection(ProjectConfigurationPlatforms) = postSolution
		{3EF13530-D678-4D0D-AEC4-5D06DF043263}.Debug|Any CPU.ActiveCfg = Debug|Any CPU
		{3EF13530-D678-4D0D-AEC4-5D06DF043263}.Debug|Any CPU.Build.0 = Debug|Any CPU
		{3EF13530-D678-4D0D-AEC4-5D06DF043263}.Release|Any CPU.ActiveCfg = Release|Any CPU
		{3EF13530-D678-4D0D-AEC4-5D06DF043263}.Release|Any CPU.Build.0 = Release|Any CPU
		{FD352539-0F32-4203-946A-2547D300C767}.Debug|Any CPU.ActiveCfg = Debug|Any CPU
		{FD352539-0F32-4203-946A-2547D300C767}.Debug|Any CPU.Build.0 = Debug|Any CPU
		{FD352539-0F32-4203-946A-2547D300C767}.Release|Any CPU.ActiveCfg = Release|Any CPU
		{FD352539-0F32-4203-946A-2547D300C767}.Release|Any CPU.Build.0 = Release|Any CPU
		{28BB2628-1481-424A-9BD7-4BB6B63F8C05}.Debug|Any CPU.ActiveCfg = Debug|Any CPU
		{28BB2628-1481-424A-9BD7-4BB6B63F8C05}.Debug|Any CPU.Build.0 = Debug|Any CPU
		{28BB2628-1481-424A-9BD7-4BB6B63F8C05}.Release|Any CPU.ActiveCfg = Release|Any CPU
		{28BB2628-1481-424A-9BD7-4BB6B63F8C05}.Release|Any CPU.Build.0 = Release|Any CPU
	EndGlobalSection
	GlobalSection(SolutionProperties) = preSolution
		HideSolutionNode = FALSE
	EndGlobalSection
	GlobalSection(ExtensibilityGlobals) = postSolution
		SolutionGuid = {C6C58091-8C5B-410A-BDFC-90DAF5C22D5A}
	EndGlobalSection
EndGlobal
